<?xml version="1.0" encoding="UTF-8" standalone="yes" ?>
<CodeBlocks_project_file>
	<FileVersion major="1" minor="6" />
	<Project>
		<Option title="PMF Project" />
		<Option pch_mode="0" />
		<Option compiler="gcc" />
		<Build>
			<Target title="default">
				<Option output="D:\Progz\PMF-CodeBlocks\PMF.exe" prefix_auto="0" extension_auto="0" />
				<Option object_output="objs" />
				<Option type="1" />
				<Option compiler="gcc" />
				<Option parameters="-s 7" />
				<Option projectResourceIncludeDirsRelation="1" />
				<Compiler>
					<Add option="-W" />
					<Add option="-g" />
					<Add directory="headers" />
					<Add directory="src" />
				</Compiler>
			</Target>
		</Build>
		<VirtualTargets>
			<Add alias="All" targets="default;" />
		</VirtualTargets>
		<Unit filename="headers\accesslists.hpp" />
		<Unit filename="headers\birthslist.hpp" />
		<Unit filename="headers\blocklist.hpp" />
		<Unit filename="headers\blockslists.hpp" />
		<Unit filename="headers\configurationlist.hpp" />
		<Unit filename="headers\crosselement.hpp" />
		<Unit filename="headers\geometry.hpp" />
		<Unit filename="headers\intersectionslist.hpp" />
		<Unit filename="headers\listelement.hpp" />
		<Unit filename="headers\point.hpp" />
		<Unit filename="headers\probability.hpp" />
		<Unit filename="headers\templatelist.hpp" />
		<Unit filename="main.cpp" />
		<Unit filename="src\generate.cpp">
			<Option compile="0" />
			<Option link="0" />
		</Unit>
		<Extensions>
			<code_completion />
			<envvars />
			<debugger />
		</Extensions>
	</Project>
</CodeBlocks_project_file>
