<?xml version="1.0" encoding="UTF-8" standalone="yes" ?>
<CodeBlocks_project_file>
	<FileVersion major="1" minor="6" />
	<Project>
		<Option title="PMF Project" />
		<Option pch_mode="0" />
		<Option compiler="gcc" />
		<Option virtualFolders="structures\;operations\;util\;structures\core\;structures\lists\;structures\blocks\;" />
		<Build>
			<Target title="default">
				<Option output="PMF.exe" prefix_auto="0" extension_auto="0" />
				<Option object_output="objs" />
				<Option type="1" />
				<Option compiler="gcc" />
				<Option parameters="-s 7" />
				<Option projectResourceIncludeDirsRelation="1" />
				<Compiler>
					<Add option="-W" />
					<Add option="-g" />
					<Add directory="headers" />
					<Add directory="src" />
				</Compiler>
			</Target>
		</Build>
		<VirtualTargets>
			<Add alias="All" targets="default;" />
		</VirtualTargets>
		<Unit filename="headers\accesslists.hpp">
			<Option virtualFolder="structures\lists\" />
		</Unit>
		<Unit filename="headers\birthslist.hpp">
			<Option virtualFolder="structures\lists\" />
		</Unit>
		<Unit filename="headers\blocklist.hpp">
			<Option virtualFolder="structures\blocks\" />
		</Unit>
		<Unit filename="headers\blockslists.hpp">
			<Option virtualFolder="structures\blocks\" />
		</Unit>
		<Unit filename="headers\configurationlist.hpp">
			<Option virtualFolder="structures\lists\" />
		</Unit>
		<Unit filename="headers\crosselement.hpp">
			<Option virtualFolder="structures\core\" />
		</Unit>
		<Unit filename="headers\geometry.hpp">
			<Option virtualFolder="util\" />
		</Unit>
		<Unit filename="headers\intersectionslist.hpp">
			<Option virtualFolder="structures\lists\" />
		</Unit>
		<Unit filename="headers\listelement.hpp">
			<Option virtualFolder="structures\core\" />
		</Unit>
		<Unit filename="headers\point.hpp">
			<Option virtualFolder="structures\" />
		</Unit>
		<Unit filename="headers\probability.hpp">
			<Option virtualFolder="util\" />
		</Unit>
		<Unit filename="headers\templatelist.hpp">
			<Option virtualFolder="structures\core\" />
		</Unit>
		<Unit filename="main.cpp" />
		<Unit filename="src\add.cpp">
			<Option virtualFolder="operations\" />
		</Unit>
		<Unit filename="src\generate.cpp">
			<Option virtualFolder="operations\" />
		</Unit>
		<Unit filename="src\operations.hpp">
			<Option virtualFolder="operations\" />
		</Unit>
		<Extensions>
			<code_completion />
			<envvars />
			<debugger />
		</Extensions>
	</Project>
</CodeBlocks_project_file>
