<?xml version="1.0" encoding="UTF-8" standalone="yes" ?>
<CodeBlocks_project_file>
	<FileVersion major="1" minor="6" />
	<Project>
		<Option title="PMF Project" />
		<Option pch_mode="0" />
		<Option compiler="gcc" />
		<Option virtualFolders="structures\;operations\;util\;structures\core\;structures\lists\;structures\blocks\;structures\heaps\;mains\;old-files\;structures\edges\;simulation\;" />
		<Build>
			<Target title="default">
				<Option output="bin\PMF.exe" prefix_auto="0" extension_auto="0" />
				<Option object_output="objs" />
				<Option type="1" />
				<Option compiler="gcc" />
				<Option parameters="-s 7 -e 0 -o output/pmf.cf -f -u 34" />
				<Option projectResourceIncludeDirsRelation="1" />
				<Compiler>
					<Add option="-W" />
					<Add option="-g" />
					<Add directory="headers" />
					<Add directory="src" />
				</Compiler>
				<Linker>
					<Add directory="objs\src" />
					<Add directory="objs" />
				</Linker>
			</Target>
			<Target title="generator-debug">
				<Option output="bin\PMF-gen" prefix_auto="1" extension_auto="1" />
				<Option object_output="objs" />
				<Option type="1" />
				<Option compiler="gcc" />
				<Option parameters="-s 7 -e 0 -o output/result-gen.cf -f" />
				<Compiler>
					<Add option="-W" />
					<Add option="-Wall" />
					<Add option="-g" />
					<Add directory="headers" />
					<Add directory="src" />
				</Compiler>
			</Target>
			<Target title="adder-debug">
				<Option output="bin\PMF-add" prefix_auto="1" extension_auto="1" />
				<Option object_output="objs" />
				<Option type="1" />
				<Option compiler="gcc" />
				<Option parameters="-s 7 -e 0 -o output/result-add.cf -f -x 4.265 -y 2.28 -a 3.511499" />
				<Compiler>
					<Add option="-W" />
					<Add option="-Wall" />
					<Add option="-g" />
					<Add directory="headers" />
					<Add directory="src" />
				</Compiler>
			</Target>
			<Target title="updater-debug">
				<Option output="bin\PMF-upd" prefix_auto="1" extension_auto="1" />
				<Option object_output="objs" />
				<Option type="1" />
				<Option compiler="gcc" />
				<Option parameters="-s 7 -e 0 -o output/result-upd.cf -f -u 223 -a 0.01" />
				<Compiler>
					<Add option="-W" />
					<Add option="-Wall" />
					<Add option="-g" />
					<Add directory="headers" />
					<Add directory="src" />
				</Compiler>
			</Target>
			<Target title="remover-debug">
				<Option output="bin\PMF-rem" prefix_auto="1" extension_auto="1" />
				<Option object_output="objs" />
				<Option type="1" />
				<Option compiler="gcc" />
				<Option parameters="-s 7 -e 0 -o output/result-rem.cf -f -r 251 -a 3.1" />
				<Compiler>
					<Add option="-W" />
					<Add option="-Wall" />
					<Add option="-g" />
					<Add directory="headers" />
					<Add directory="src" />
				</Compiler>
			</Target>
		</Build>
		<VirtualTargets>
			<Add alias="All" targets="default;" />
		</VirtualTargets>
		<Unit filename="headers\abstractheap.hpp">
			<Option virtualFolder="structures\heaps\" />
			<Option target="&lt;{~None~}&gt;" />
		</Unit>
		<Unit filename="headers\accesslists.hpp">
			<Option virtualFolder="structures\lists\" />
			<Option target="&lt;{~None~}&gt;" />
		</Unit>
		<Unit filename="headers\birthsheap.hpp">
			<Option virtualFolder="structures\heaps\" />
			<Option target="&lt;{~None~}&gt;" />
		</Unit>
		<Unit filename="headers\birthslist.hpp">
			<Option virtualFolder="structures\lists\" />
			<Option target="&lt;{~None~}&gt;" />
		</Unit>
		<Unit filename="headers\blocklist.hpp">
			<Option virtualFolder="structures\blocks\" />
			<Option target="&lt;{~None~}&gt;" />
		</Unit>
		<Unit filename="headers\blockslists.hpp">
			<Option virtualFolder="structures\blocks\" />
			<Option target="&lt;{~None~}&gt;" />
		</Unit>
		<Unit filename="headers\configurationlist.hpp">
			<Option virtualFolder="structures\lists\" />
			<Option target="&lt;{~None~}&gt;" />
		</Unit>
		<Unit filename="headers\crosselement.hpp">
			<Option virtualFolder="structures\core\" />
			<Option target="&lt;{~None~}&gt;" />
		</Unit>
		<Unit filename="headers\geometry.hpp">
			<Option virtualFolder="util\" />
			<Option target="&lt;{~None~}&gt;" />
		</Unit>
		<Unit filename="headers\intersectionsheap.hpp">
			<Option virtualFolder="structures\heaps\" />
			<Option target="&lt;{~None~}&gt;" />
		</Unit>
		<Unit filename="headers\intersectionslist.hpp">
			<Option virtualFolder="structures\lists\" />
			<Option target="&lt;{~None~}&gt;" />
		</Unit>
		<Unit filename="headers\listelement.hpp">
			<Option virtualFolder="structures\core\" />
			<Option target="&lt;{~None~}&gt;" />
		</Unit>
		<Unit filename="headers\modifyheaps.hpp">
			<Option virtualFolder="structures\heaps\" />
			<Option target="&lt;{~None~}&gt;" />
		</Unit>
		<Unit filename="headers\modifylists.hpp">
			<Option virtualFolder="structures\lists\" />
			<Option target="&lt;{~None~}&gt;" />
		</Unit>
		<Unit filename="headers\point.hpp">
			<Option virtualFolder="structures\core\" />
			<Option target="&lt;{~None~}&gt;" />
		</Unit>
		<Unit filename="headers\probability.hpp">
			<Option virtualFolder="util\" />
			<Option target="&lt;{~None~}&gt;" />
		</Unit>
		<Unit filename="headers\templatelist.hpp">
			<Option virtualFolder="structures\core\" />
			<Option target="&lt;{~None~}&gt;" />
		</Unit>
		<Unit filename="main.cpp">
			<Option target="default" />
		</Unit>
		<Unit filename="src\PMF.cpp">
			<Option virtualFolder="structures\" />
			<Option target="&lt;{~None~}&gt;" />
		</Unit>
		<Unit filename="src\PMF.hpp">
			<Option virtualFolder="structures\" />
			<Option target="&lt;{~None~}&gt;" />
		</Unit>
		<Unit filename="src\add-rot.cpp">
			<Option virtualFolder="old-files\" />
			<Option target="&lt;{~None~}&gt;" />
		</Unit>
		<Unit filename="src\add.cpp">
			<Option virtualFolder="old-files\" />
			<Option target="&lt;{~None~}&gt;" />
		</Unit>
		<Unit filename="src\adding.hpp">
			<Option virtualFolder="operations\" />
			<Option target="&lt;{~None~}&gt;" />
		</Unit>
		<Unit filename="src\edgeelement.hpp">
			<Option virtualFolder="structures\edges\" />
			<Option target="&lt;{~None~}&gt;" />
		</Unit>
		<Unit filename="src\edgepoints.cpp">
			<Option virtualFolder="structures\edges\" />
			<Option target="&lt;{~None~}&gt;" />
		</Unit>
		<Unit filename="src\edgepoints.hpp">
			<Option virtualFolder="structures\edges\" />
			<Option target="&lt;{~None~}&gt;" />
		</Unit>
		<Unit filename="src\evolve.hpp">
			<Option virtualFolder="operations\" />
			<Option target="&lt;{~None~}&gt;" />
		</Unit>
		<Unit filename="src\generate.cpp">
			<Option virtualFolder="old-files\" />
			<Option target="&lt;{~None~}&gt;" />
		</Unit>
		<Unit filename="src\generate.hpp">
			<Option virtualFolder="operations\" />
			<Option target="&lt;{~None~}&gt;" />
		</Unit>
		<Unit filename="src\main-add.cpp">
			<Option virtualFolder="mains\" />
			<Option target="adder-debug" />
		</Unit>
		<Unit filename="src\main-gen.cpp">
			<Option virtualFolder="mains\" />
			<Option target="generator-debug" />
		</Unit>
		<Unit filename="src\main-rem.cpp">
			<Option virtualFolder="mains\" />
			<Option target="remover-debug" />
		</Unit>
		<Unit filename="src\main-upd.cpp">
			<Option virtualFolder="mains\" />
			<Option target="updater-debug" />
		</Unit>
		<Unit filename="src\prepare.hpp">
			<Option virtualFolder="operations\" />
			<Option target="&lt;{~None~}&gt;" />
		</Unit>
		<Unit filename="src\remove.hpp">
			<Option virtualFolder="operations\" />
			<Option target="&lt;{~None~}&gt;" />
		</Unit>
		<Unit filename="src\rotate.cpp">
			<Option virtualFolder="old-files\" />
			<Option target="&lt;{~None~}&gt;" />
		</Unit>
		<Unit filename="src\rotate.hpp">
			<Option virtualFolder="operations\" />
			<Option target="&lt;{~None~}&gt;" />
		</Unit>
		<Unit filename="src\segment.hpp">
			<Option virtualFolder="operations\" />
			<Option target="&lt;{~None~}&gt;" />
		</Unit>
		<Unit filename="src\sim-edge.cpp">
			<Option virtualFolder="simulation\" />
			<Option target="&lt;{~None~}&gt;" />
		</Unit>
		<Unit filename="src\update.hpp">
			<Option virtualFolder="operations\" />
			<Option target="&lt;{~None~}&gt;" />
		</Unit>
		<Extensions>
			<code_completion />
			<envvars />
			<debugger />
		</Extensions>
	</Project>
</CodeBlocks_project_file>
