<?xml version="1.0" encoding="UTF-8" standalone="yes" ?>
<CodeBlocks_project_file>
	<FileVersion major="1" minor="6" />
	<Project>
		<Option title="PMF CommandLine" />
		<Option pch_mode="2" />
		<Option compiler="gcc" />
		<Build>
			<Script file="lib_finder.script" />
			<Target title="Debug">
				<Option output="..\bin\Debug\pmf" prefix_auto="1" extension_auto="1" />
				<Option working_dir=".." />
				<Option object_output="..\objs\Debug\" />
				<Option type="1" />
				<Option compiler="gcc" />
				<Compiler>
					<Add option="-g" />
				</Compiler>
			</Target>
			<Target title="Release">
				<Option output="..\bin\Release\pmf" prefix_auto="1" extension_auto="1" />
				<Option working_dir=".." />
				<Option object_output="..\objs" />
				<Option type="1" />
				<Option compiler="gcc" />
				<Compiler>
					<Add option="-O2" />
				</Compiler>
				<Linker>
					<Add option="-s" />
				</Linker>
			</Target>
			<Target title="gen-Debug">
				<Option output="..\bin\Debug\pmf-gen" prefix_auto="1" extension_auto="1" />
				<Option working_dir=".." />
				<Option object_output="..\objs\Debug\" />
				<Option type="1" />
				<Option compiler="gcc" />
				<Option parameters="-s 3 -o output/out-pmf-gen.txt -e 17 -f" />
				<Compiler>
					<Add option="-g" />
				</Compiler>
			</Target>
			<Target title="add-Debug">
				<Option output="..\bin\Debug\pmf-add" prefix_auto="1" extension_auto="1" />
				<Option working_dir=".." />
				<Option object_output="..\objs\Debug\" />
				<Option type="1" />
				<Option compiler="gcc" />
				<Compiler>
					<Add option="-g" />
				</Compiler>
			</Target>
		</Build>
		<Compiler>
			<Add option="-Wall" />
			<Add option="-fexceptions" />
		</Compiler>
		<Unit filename="..\cmd\adding.hpp">
			<Option target="Debug" />
			<Option target="Release" />
			<Option target="add-Debug" />
		</Unit>
		<Unit filename="..\cmd\addseg.hpp">
			<Option target="Debug" />
			<Option target="Release" />
			<Option target="add-Debug" />
		</Unit>
		<Unit filename="..\cmd\birthsites.hpp" />
		<Unit filename="..\cmd\common.hpp" />
		<Unit filename="..\cmd\configuration.hpp" />
		<Unit filename="..\cmd\element.hpp" />
		<Unit filename="..\cmd\events.hpp" />
		<Unit filename="..\cmd\evolve.hpp">
			<Option target="Debug" />
			<Option target="Release" />
			<Option target="add-Debug" />
		</Unit>
		<Unit filename="..\cmd\generate.hpp" />
		<Unit filename="..\cmd\geometry.hpp" />
		<Unit filename="..\cmd\main-add.cpp">
			<Option target="add-Debug" />
		</Unit>
		<Unit filename="..\cmd\main-gen.cpp">
			<Option target="Release" />
			<Option target="gen-Debug" />
		</Unit>
		<Unit filename="..\cmd\main.cpp">
			<Option target="Debug" />
			<Option target="Release" />
		</Unit>
		<Unit filename="..\cmd\pmf.cpp">
			<Option target="&lt;{~None~}&gt;" />
		</Unit>
		<Unit filename="..\cmd\pmf.hpp" />
		<Unit filename="..\cmd\point.hpp" />
		<Unit filename="..\cmd\prepare.hpp">
			<Option target="Debug" />
			<Option target="Release" />
			<Option target="add-Debug" />
		</Unit>
		<Unit filename="..\cmd\probability.hpp" />
		<Unit filename="..\cmd\remove.hpp">
			<Option target="Debug" />
			<Option target="Release" />
			<Option target="add-Debug" />
		</Unit>
		<Unit filename="..\cmd\rotate.hpp" />
		<Unit filename="..\cmd\schedule.hpp" />
		<Unit filename="..\cmd\segment.hpp" />
		<Unit filename="..\cmd\simulation.hpp">
			<Option target="&lt;{~None~}&gt;" />
		</Unit>
		<Unit filename="..\cmd\status.hpp" />
		<Unit filename="..\cmd\update.hpp">
			<Option target="Debug" />
			<Option target="Release" />
			<Option target="add-Debug" />
		</Unit>
		<Unit filename="..\headers\macros.hpp" />
		<Extensions>
			<code_completion />
			<envvars />
			<debugger />
			<lib_finder disable_auto="1">
				<lib name="wx" />
			</lib_finder>
		</Extensions>
	</Project>
</CodeBlocks_project_file>
