<?xml version="1.0" encoding="UTF-8" standalone="yes" ?>
<CodeBlocks_project_file>
	<FileVersion major="1" minor="6" />
	<Project>
		<Option title="Intersection Detector" />
		<Option pch_mode="2" />
		<Option compiler="gcc" />
		<Build>
			<Target title="Debug">
				<Option output="..\lib\libdetect_d" prefix_auto="1" extension_auto="1" />
				<Option working_dir="" />
				<Option object_output="..\objs\Debug\" />
				<Option type="2" />
				<Option compiler="gcc" />
				<Option createDefFile="1" />
				<Compiler>
					<Add option="-Wall" />
					<Add option="-g" />
				</Compiler>
			</Target>
			<Target title="Release">
				<Option output="..\lib\libdetect_r" prefix_auto="1" extension_auto="1" />
				<Option working_dir="" />
				<Option object_output="..\objs\Release\" />
				<Option type="2" />
				<Option compiler="gcc" />
				<Option createDefFile="1" />
				<Compiler>
					<Add option="-Wall" />
					<Add option="-O2" />
				</Compiler>
				<Linker>
					<Add option="-s" />
				</Linker>
			</Target>
		</Build>
		<Unit filename="..\detect\DetectorPoint.hpp" />
		<Unit filename="..\detect\DetectorSchedule.cpp" />
		<Unit filename="..\detect\DetectorSchedule.hpp" />
		<Unit filename="..\detect\DetectorSegment.hpp" />
		<Unit filename="..\detect\DetectorSweepLine.cpp" />
		<Unit filename="..\detect\DetectorSweepLine.hpp" />
		<Unit filename="..\detect\IntersectionDetector.cpp" />
		<Unit filename="..\detect\IntersectionDetector.hpp" />
		<Unit filename="..\detect\ScheduleEvent.cpp" />
		<Unit filename="..\detect\ScheduleEvent.hpp" />
		<Unit filename="..\detect\SweepLineElement.cpp" />
		<Unit filename="..\detect\SweepLineElement.hpp" />
		<Extensions>
			<code_completion />
			<envvars />
			<debugger />
			<lib_finder disable_auto="1" />
		</Extensions>
	</Project>
</CodeBlocks_project_file>
