<?xml version="1.0" encoding="UTF-8" standalone="yes" ?>
<CodeBlocks_project_file>
	<FileVersion major="1" minor="6" />
	<Project>
		<Option title="Initial PMFs" />
		<Option pch_mode="2" />
		<Option compiler="gcc" />
		<Build>
			<Script file="lib_finder.script" />
			<Target title="Debug">
				<Option output="../bin/Debug/init" prefix_auto="1" extension_auto="1" />
				<Option working_dir=".." />
				<Option object_output="../objs/init/Debug/" />
				<Option type="1" />
				<Option compiler="gcc" />
				<Compiler>
					<Add option="-Wall" />
					<Add option="-g" />
					<Add directory="../detect" />
				</Compiler>
				<Linker>
					<Add library="../lib/libdetect_d.a" />
					<Add directory="../lib" />
				</Linker>
			</Target>
			<Target title="Release">
				<Option output="../bin/Release/init" prefix_auto="1" extension_auto="1" />
				<Option working_dir=".." />
				<Option object_output="../objs/init/Release/" />
				<Option type="1" />
				<Option compiler="gcc" />
				<Compiler>
					<Add option="-O2" />
				</Compiler>
				<Linker>
					<Add option="-s" />
				</Linker>
			</Target>
		</Build>
		<Compiler>
			<Add option="-Wall" />
			<Add option="-fexceptions" />
		</Compiler>
		<Unit filename="../cmd/geometry.hpp" />
		<Unit filename="../cmd/grayimage.cpp" />
		<Unit filename="../cmd/grayimage.h" />
		<Unit filename="../cmd/image.cpp" />
		<Unit filename="../cmd/image.h" />
		<Unit filename="../headers/probability.hpp" />
		<Unit filename="../init/AbstractProperties.cpp" />
		<Unit filename="../init/AbstractProperties.hpp" />
		<Unit filename="../init/GaussianRandomClass.cpp" />
		<Unit filename="../init/GaussianRandomClass.hpp" />
		<Unit filename="../init/MosaicConstants.cpp" />
		<Unit filename="../init/MosaicConstants.hpp" />
		<Unit filename="../init/MosaicDualGraph.cpp" />
		<Unit filename="../init/MosaicDualGraph.hpp" />
		<Unit filename="../init/MosaicElement.hpp" />
		<Unit filename="../init/MosaicEvents.hpp" />
		<Unit filename="../init/MosaicGraph.cpp" />
		<Unit filename="../init/MosaicGraph.hpp" />
		<Unit filename="../init/MosaicGraphEdge.cpp" />
		<Unit filename="../init/MosaicGraphEdge.hpp" />
		<Unit filename="../init/MosaicGraphNode.cpp" />
		<Unit filename="../init/MosaicGraphNode.hpp" />
		<Unit filename="../init/MosaicLinesDeterminer.cpp" />
		<Unit filename="../init/MosaicLinesDeterminer.hpp" />
		<Unit filename="../init/MosaicPMF.cpp" />
		<Unit filename="../init/MosaicPMF.hpp" />
		<Unit filename="../init/MosaicPoint.hpp" />
		<Unit filename="../init/MosaicSchedule.hpp" />
		<Unit filename="../init/MosaicSegment.hpp" />
		<Unit filename="../init/MosaicStatus.hpp" />
		<Unit filename="../init/main.cpp" />
		<Extensions>
			<code_completion />
			<envvars />
			<debugger />
			<lib_finder disable_auto="1">
				<lib name="wx" />
			</lib_finder>
		</Extensions>
	</Project>
</CodeBlocks_project_file>
