<?xml version="1.0" encoding="UTF-8" standalone="yes" ?>
<CodeBlocks_project_file>
	<FileVersion major="1" minor="6" />
	<Project>
		<Option title="PostProcess PMF" />
		<Option pch_mode="2" />
		<Option compiler="gcc" />
		<Build>
			<Script file="lib_finder.script" />
			<Target title="Debug">
				<Option output="..\bin\Debug\post" prefix_auto="1" extension_auto="1" />
				<Option object_output="..\objs\post\Debug\" />
				<Option type="1" />
				<Option compiler="gcc" />
				<Compiler>
					<Add option="-g" />
				</Compiler>
			</Target>
			<Target title="Release">
				<Option output="..\bin\Release\post" prefix_auto="1" extension_auto="1" />
				<Option object_output="..\objs\post\Release\" />
				<Option type="1" />
				<Option compiler="gcc" />
				<Compiler>
					<Add option="-O2" />
				</Compiler>
				<Linker>
					<Add option="-s" />
				</Linker>
			</Target>
		</Build>
		<Compiler>
			<Add option="-Wall" />
			<Add option="-fexceptions" />
			<Add directory="..\cmd" />
		</Compiler>
		<Unit filename="..\cmd\configuration.hpp" />
		<Unit filename="..\cmd\grayimage.cpp" />
		<Unit filename="..\cmd\grayimage.h" />
		<Unit filename="..\cmd\image.cpp" />
		<Unit filename="..\cmd\image.h" />
		<Unit filename="..\cmd\point.hpp" />
		<Unit filename="..\cmd\segment.hpp" />
		<Unit filename="..\post\PolygonsElement.hpp" />
		<Unit filename="..\post\PolygonsEvents.hpp" />
		<Unit filename="..\post\PolygonsGraph.cpp" />
		<Unit filename="..\post\PolygonsGraph.h" />
		<Unit filename="..\post\PolygonsSchedule.cpp" />
		<Unit filename="..\post\PolygonsSchedule.h" />
		<Unit filename="..\post\PolygonsSweepLine.cpp" />
		<Unit filename="..\post\PolygonsSweepLine.h" />
		<Unit filename="..\post\main.cpp" />
		<Extensions>
			<code_completion />
			<envvars />
			<debugger />
			<lib_finder disable_auto="1">
				<lib name="wx" />
			</lib_finder>
		</Extensions>
	</Project>
</CodeBlocks_project_file>
